
Microsoft Visual Studio Solution File, Format Version 12.00
# Visual Studio Version 17
VisualStudioVersion = 17.13.35931.197
MinimumVisualStudioVersion = 10.0.40219.1
Project("{FAE04EC0-301F-11D3-BF4B-00C04F79EFBC}") = "FarmaciaApp", "FarmaciaApp.csproj", "{BBC1711D-6D88-4152-BE7A-46650FC22360}"
EndProject
Global
	GlobalSection(SolutionConfigurationPlatforms) = preSolution
		Debug|Any CPU = Debug|Any CPU
		Release|Any CPU = Release|Any CPU
	EndGlobalSection
	GlobalSection(ProjectConfigurationPlatforms) = postSolution
		{BBC1711D-6D88-4152-BE7A-46650FC22360}.Debug|Any CPU.ActiveCfg = Debug|Any CPU
		{BBC1711D-6D88-4152-BE7A-46650FC22360}.Debug|Any CPU.Build.0 = Debug|Any CPU
		{BBC1711D-6D88-4152-BE7A-46650FC22360}.Release|Any CPU.ActiveCfg = Release|Any CPU
		{BBC1711D-6D88-4152-BE7A-46650FC22360}.Release|Any CPU.Build.0 = Release|Any CPU
	EndGlobalSection
	GlobalSection(SolutionProperties) = preSolution
		HideSolutionNode = FALSE
	EndGlobalSection
	GlobalSection(ExtensibilityGlobals) = postSolution
		SolutionGuid = {E8130F7E-B387-4E4C-8385-3AD556C3BD50}
	EndGlobalSection
EndGlobal
